
Microsoft Visual Studio Solution File, Format Version 12.00
# Visual Studio Version 17
VisualStudioVersion = 17.10.34928.147
MinimumVisualStudioVersion = 10.0.40219.1
Project("{FAE04EC0-301F-11D3-BF4B-00C04F79EFBC}") = "SpProcessDomenAssemplyApp", "SpProcessDomenAssemplyApp\SpProcessDomenAssemplyApp.csproj", "{50BE8598-13B5-4A17-BA13-13B228317E09}"
EndProject
Project("{FAE04EC0-301F-11D3-BF4B-00C04F79EFBC}") = "UnitLib", "InitLib\UnitLib.csproj", "{363ADC12-0C1B-465E-9D09-4B35CC4E00AF}"
EndProject
Global
	GlobalSection(SolutionConfigurationPlatforms) = preSolution
		Debug|Any CPU = Debug|Any CPU
		Release|Any CPU = Release|Any CPU
	EndGlobalSection
	GlobalSection(ProjectConfigurationPlatforms) = postSolution
		{50BE8598-13B5-4A17-BA13-13B228317E09}.Debug|Any CPU.ActiveCfg = Debug|Any CPU
		{50BE8598-13B5-4A17-BA13-13B228317E09}.Debug|Any CPU.Build.0 = Debug|Any CPU
		{50BE8598-13B5-4A17-BA13-13B228317E09}.Release|Any CPU.ActiveCfg = Release|Any CPU
		{50BE8598-13B5-4A17-BA13-13B228317E09}.Release|Any CPU.Build.0 = Release|Any CPU
		{363ADC12-0C1B-465E-9D09-4B35CC4E00AF}.Debug|Any CPU.ActiveCfg = Debug|Any CPU
		{363ADC12-0C1B-465E-9D09-4B35CC4E00AF}.Debug|Any CPU.Build.0 = Debug|Any CPU
		{363ADC12-0C1B-465E-9D09-4B35CC4E00AF}.Release|Any CPU.ActiveCfg = Release|Any CPU
		{363ADC12-0C1B-465E-9D09-4B35CC4E00AF}.Release|Any CPU.Build.0 = Release|Any CPU
	EndGlobalSection
	GlobalSection(SolutionProperties) = preSolution
		HideSolutionNode = FALSE
	EndGlobalSection
	GlobalSection(ExtensibilityGlobals) = postSolution
		SolutionGuid = {8FD8B607-9AF5-4DB1-9BFB-028DB5F8B5AE}
	EndGlobalSection
EndGlobal
